// !$*UTF8*$!
{
	archiveVersion = 1;
	classes = {
	};
	objectVersion = 46;
	objects = {

/* Begin PBXBuildFile section */
		94D5F69A1F44681B00EF8804 /* AppDelegate.swift in Sources */ = {isa = PBXBuildFile; fileRef = 94D5F6991F44681B00EF8804 /* AppDelegate.swift */; };
		94D5F69F1F44681C00EF8804 /* Main.storyboard in Resources */ = {isa = PBXBuildFile; fileRef = 94D5F69D1F44681C00EF8804 /* Main.storyboard */; };
		94D5F6A11F44681D00EF8804 /* Assets.xcassets in Resources */ = {isa = PBXBuildFile; fileRef = 94D5F6A01F44681D00EF8804 /* Assets.xcassets */; };
		94D5F6A41F44681D00EF8804 /* LaunchScreen.storyboard in Resources */ = {isa = PBXBuildFile; fileRef = 94D5F6A21F44681D00EF8804 /* LaunchScreen.storyboard */; };
		94D5F6AD1F44687900EF8804 /* VBHeader.swift in Sources */ = {isa = PBXBuildFile; fileRef = 94D5F6AB1F44687900EF8804 /* VBHeader.swift */; };
		94D5F6AE1F44687900EF8804 /* VBHeader.xib in Resources */ = {isa = PBXBuildFile; fileRef = 94D5F6AC1F44687900EF8804 /* VBHeader.xib */; };
		94D5F6B01F446A5B00EF8804 /* VBExpandVC.swift in Sources */ = {isa = PBXBuildFile; fileRef = 94D5F6AF1F446A5B00EF8804 /* VBExpandVC.swift */; };
		94D5F6B21F446A8000EF8804 /* VCExpandCell.swift in Sources */ = {isa = PBXBuildFile; fileRef = 94D5F6B11F446A8000EF8804 /* VCExpandCell.swift */; };
/* End PBXBuildFile section */

/* Begin PBXFileReference section */
		94D5F6961F44681B00EF8804 /* VBExpand_Tableview.app */ = {isa = PBXFileReference; explicitFileType = wrapper.application; includeInIndex = 0; path = VBExpand_Tableview.app; sourceTree = BUILT_PRODUCTS_DIR; };
		94D5F6991F44681B00EF8804 /* AppDelegate.swift */ = {isa = PBXFileReference; lastKnownFileType = sourcecode.swift; path = AppDelegate.swift; sourceTree = "<group>"; };
		94D5F69E1F44681C00EF8804 /* Base */ = {isa = PBXFileReference; lastKnownFileType = file.storyboard; name = Base; path = Base.lproj/Main.storyboard; sourceTree = "<group>"; };
		94D5F6A01F44681D00EF8804 /* Assets.xcassets */ = {isa = PBXFileReference; lastKnownFileType = folder.assetcatalog; path = Assets.xcassets; sourceTree = "<group>"; };
		94D5F6A31F44681D00EF8804 /* Base */ = {isa = PBXFileReference; lastKnownFileType = file.storyboard; name = Base; path = Base.lproj/LaunchScreen.storyboard; sourceTree = "<group>"; };
		94D5F6A51F44681D00EF8804 /* Info.plist */ = {isa = PBXFileReference; lastKnownFileType = text.plist.xml; path = Info.plist; sourceTree = "<group>"; };
		94D5F6AB1F44687900EF8804 /* VBHeader.swift */ = {isa = PBXFileReference; fileEncoding = 4; lastKnownFileType = sourcecode.swift; path = VBHeader.swift; sourceTree = "<group>"; };
		94D5F6AC1F44687900EF8804 /* VBHeader.xib */ = {isa = PBXFileReference; fileEncoding = 4; lastKnownFileType = file.xib; path = VBHeader.xib; sourceTree = "<group>"; };
		94D5F6AF1F446A5B00EF8804 /* VBExpandVC.swift */ = {isa = PBXFileReference; fileEncoding = 4; lastKnownFileType = sourcecode.swift; path = VBExpandVC.swift; sourceTree = "<group>"; };
		94D5F6B11F446A8000EF8804 /* VCExpandCell.swift */ = {isa = PBXFileReference; fileEncoding = 4; lastKnownFileType = sourcecode.swift; path = VCExpandCell.swift; sourceTree = "<group>"; };
/* End PBXFileReference section */

/* Begin PBXFrameworksBuildPhase section */
		94D5F6931F44681B00EF8804 /* Frameworks */ = {
			isa = PBXFrameworksBuildPhase;
			buildActionMask = 2147483647;
			files = (
			);
			runOnlyForDeploymentPostprocessing = 0;
		};
/* End PBXFrameworksBuildPhase section */

/* Begin PBXGroup section */
		94D5F68D1F44681B00EF8804 = {
			isa = PBXGroup;
			children = (
				94D5F6981F44681B00EF8804 /* VBExpand_Tableview */,
				94D5F6971F44681B00EF8804 /* Products */,
			);
			sourceTree = "<group>";
		};
		94D5F6971F44681B00EF8804 /* Products */ = {
			isa = PBXGroup;
			children = (
				94D5F6961F44681B00EF8804 /* VBExpand_Tableview.app */,
			);
			name = Products;
			sourceTree = "<group>";
		};
		94D5F6981F44681B00EF8804 /* VBExpand_Tableview */ = {
			isa = PBXGroup;
			children = (
				94D5F6991F44681B00EF8804 /* AppDelegate.swift */,
				94D5F69D1F44681C00EF8804 /* Main.storyboard */,
				94D5F6A01F44681D00EF8804 /* Assets.xcassets */,
				94D5F6A21F44681D00EF8804 /* LaunchScreen.storyboard */,
				94D5F6A51F44681D00EF8804 /* Info.plist */,
				94D5F6AB1F44687900EF8804 /* VBHeader.swift */,
				94D5F6AC1F44687900EF8804 /* VBHeader.xib */,
				94D5F6AF1F446A5B00EF8804 /* VBExpandVC.swift */,
				94D5F6B11F446A8000EF8804 /* VCExpandCell.swift */,
			);
			path = VBExpand_Tableview;
			sourceTree = "<group>";
		};
/* End PBXGroup section */

/* Begin PBXNativeTarget section */
		94D5F6951F44681B00EF8804 /* VBExpand_Tableview */ = {
			isa = PBXNativeTarget;
			buildConfigurationList = 94D5F6A81F44681D00EF8804 /* Build configuration list for PBXNativeTarget "VBExpand_Tableview" */;
			buildPhases = (
				94D5F6921F44681B00EF8804 /* Sources */,
				94D5F6931F44681B00EF8804 /* Frameworks */,
				94D5F6941F44681B00EF8804 /* Resources */,
			);
			buildRules = (
			);
			dependencies = (
			);
			name = VBExpand_Tableview;
			productName = VBExpand_Tableview;
			productReference = 94D5F6961F44681B00EF8804 /* VBExpand_Tableview.app */;
			productType = "com.apple.product-type.application";
		};
/* End PBXNativeTarget section */

/* Begin PBXProject section */
		94D5F68E1F44681B00EF8804 /* Project object */ = {
			isa = PBXProject;
			attributes = {
				LastSwiftUpdateCheck = 0820;
				LastUpgradeCheck = 0820;
				ORGANIZATIONNAME = Crypton;
				TargetAttributes = {
					94D5F6951F44681B00EF8804 = {
						CreatedOnToolsVersion = 8.2.1;
						ProvisioningStyle = Automatic;
					};
				};
			};
			buildConfigurationList = 94D5F6911F44681B00EF8804 /* Build configuration list for PBXProject "VBExpand_Tableview" */;
			compatibilityVersion = "Xcode 3.2";
			developmentRegion = English;
			hasScannedForEncodings = 0;
			knownRegions = (
				en,
				Base,
			);
			mainGroup = 94D5F68D1F44681B00EF8804;
			productRefGroup = 94D5F6971F44681B00EF8804 /* Products */;
			projectDirPath = "";
			projectRoot = "";
			targets = (
				94D5F6951F44681B00EF8804 /* VBExpand_Tableview */,
			);
		};
/* End PBXProject section */

/* Begin PBXResourcesBuildPhase section */
		94D5F6941F44681B00EF8804 /* Resources */ = {
			isa = PBXResourcesBuildPhase;
			buildActionMask = 2147483647;
			files = (
				94D5F6A41F44681D00EF8804 /* LaunchScreen.storyboard in Resources */,
				94D5F6A11F44681D00EF8804 /* Assets.xcassets in Resources */,
				94D5F6AE1F44687900EF8804 /* VBHeader.xib in Resources */,
				94D5F69F1F44681C00EF8804 /* Main.storyboard in Resources */,
			);
			runOnlyForDeploymentPostprocessing = 0;
		};
/* End PBXResourcesBuildPhase section */

/* Begin PBXSourcesBuildPhase section */
		94D5F6921F44681B00EF8804 /* Sources */ = {
			isa = PBXSourcesBuildPhase;
			buildActionMask = 2147483647;
			files = (
				94D5F6B01F446A5B00EF8804 /* VBExpandVC.swift in Sources */,
				94D5F6AD1F44687900EF8804 /* VBHeader.swift in Sources */,
				94D5F6B21F446A8000EF8804 /* VCExpandCell.swift in Sources */,
				94D5F69A1F44681B00EF8804 /* AppDelegate.swift in Sources */,
			);
			runOnlyForDeploymentPostprocessing = 0;
		};
/* End PBXSourcesBuildPhase section */

/* Begin PBXVariantGroup section */
		94D5F69D1F44681C00EF8804 /* Main.storyboard */ = {
			isa = PBXVariantGroup;
			children = (
				94D5F69E1F44681C00EF8804 /* Base */,
			);
			name = Main.storyboard;
			sourceTree = "<group>";
		};
		94D5F6A21F44681D00EF8804 /* LaunchScreen.storyboard */ = {
			isa = PBXVariantGroup;
			children = (
				94D5F6A31F44681D00EF8804 /* Base */,
			);
			name = LaunchScreen.storyboard;
			sourceTree = "<group>";
		};
/* End PBXVariantGroup section */

/* Begin XCBuildConfiguration section */
		94D5F6A61F44681D00EF8804 /* Debug */ = {
			isa = XCBuildConfiguration;
			buildSettings = {
				ALWAYS_SEARCH_USER_PATHS = NO;
				CLANG_ANALYZER_NONNULL = YES;
				CLANG_CXX_LANGUAGE_STANDARD = "gnu++0x";
				CLANG_CXX_LIBRARY = "libc++";
				CLANG_ENABLE_MODULES = YES;
				CLANG_ENABLE_OBJC_ARC = YES;
				CLANG_WARN_BOOL_CONVERSION = YES;
				CLANG_WARN_CONSTANT_CONVERSION = YES;
				CLANG_WARN_DIRECT_OBJC_ISA_USAGE = YES_ERROR;
				CLANG_WARN_DOCUMENTATION_COMMENTS = YES;
				CLANG_WARN_EMPTY_BODY = YES;
				CLANG_WARN_ENUM_CONVERSION = YES;
				CLANG_WARN_INFINITE_RECURSION = YES;
				CLANG_WARN_INT_CONVERSION = YES;
				CLANG_WARN_OBJC_ROOT_CLASS = YES_ERROR;
				CLANG_WARN_SUSPICIOUS_MOVE = YES;
				CLANG_WARN_UNREACHABLE_CODE = YES;
				CLANG_WARN__DUPLICATE_METHOD_MATCH = YES;
				"CODE_SIGN_IDENTITY[sdk=iphoneos*]" = "iPhone Developer";
				COPY_PHASE_STRIP = NO;
				DEBUG_INFORMATION_FORMAT = dwarf;
				ENABLE_STRICT_OBJC_MSGSEND = YES;
				ENABLE_TESTABILITY = YES;
				GCC_C_LANGUAGE_STANDARD = gnu99;
				GCC_DYNAMIC_NO_PIC = NO;
				GCC_NO_COMMON_BLOCKS = YES;
				GCC_OPTIMIZATION_LEVEL = 0;
				GCC_PREPROCESSOR_DEFINITIONS = (
					"DEBUG=1",
					"$(inherited)",
				);
				GCC_WARN_64_TO_32_BIT_CONVERSION = YES;
				GCC_WARN_ABOUT_RETURN_TYPE = YES_ERROR;
				GCC_WARN_UNDECLARED_SELECTOR = YES;
				GCC_WARN_UNINITIALIZED_AUTOS = YES_AGGRESSIVE;
				GCC_WARN_UNUSED_FUNCTION = YES;
				GCC_WARN_UNUSED_VARIABLE = YES;
				IPHONEOS_DEPLOYMENT_TARGET = 10.2;
				MTL_ENABLE_DEBUG_INFO = YES;
				ONLY_ACTIVE_ARCH = YES;
				SDKROOT = iphoneos;
				SWIFT_ACTIVE_COMPILATION_CONDITIONS = DEBUG;
				SWIFT_OPTIMIZATION_LEVEL = "-Onone";
			};
			name = Debug;
		};
		94D5F6A71F44681D00EF8804 /* Release */ = {
			isa = XCBuildConfiguration;
			buildSettings = {
				ALWAYS_SEARCH_USER_PATHS = NO;
				CLANG_ANALYZER_NONNULL = YES;
				CLANG_CXX_LANGUAGE_STANDARD = "gnu++0x";
				CLANG_CXX_LIBRARY = "libc++";
				CLANG_ENABLE_MODULES = YES;
				CLANG_ENABLE_OBJC_ARC = YES;
				CLANG_WARN_BOOL_CONVERSION = YES;
				CLANG_WARN_CONSTANT_CONVERSION = YES;
				CLANG_WARN_DIRECT_OBJC_ISA_USAGE = YES_ERROR;
				CLANG_WARN_DOCUMENTATION_COMMENTS = YES;
				CLANG_WARN_EMPTY_BODY = YES;
				CLANG_WARN_ENUM_CONVERSION = YES;
				CLANG_WARN_INFINITE_RECURSION = YES;
				CLANG_WARN_INT_CONVERSION = YES;
				CLANG_WARN_OBJC_ROOT_CLASS = YES_ERROR;
				CLANG_WARN_SUSPICIOUS_MOVE = YES;
				CLANG_WARN_UNREACHABLE_CODE = YES;
				CLANG_WARN__DUPLICATE_METHOD_MATCH = YES;
				"CODE_SIGN_IDENTITY[sdk=iphoneos*]" = "iPhone Developer";
				COPY_PHASE_STRIP = NO;
				DEBUG_INFORMATION_FORMAT = "dwarf-with-dsym";
				ENABLE_NS_ASSERTIONS = NO;
				ENABLE_STRICT_OBJC_MSGSEND = YES;
				GCC_C_LANGUAGE_STANDARD = gnu99;
				GCC_NO_COMMON_BLOCKS = YES;
				GCC_WARN_64_TO_32_BIT_CONVERSION = YES;
				GCC_WARN_ABOUT_RETURN_TYPE = YES_ERROR;
				GCC_WARN_UNDECLARED_SELECTOR = YES;
				GCC_WARN_UNINITIALIZED_AUTOS = YES_AGGRESSIVE;
				GCC_WARN_UNUSED_FUNCTION = YES;
				GCC_WARN_UNUSED_VARIABLE = YES;
				IPHONEOS_DEPLOYMENT_TARGET = 10.2;
				MTL_ENABLE_DEBUG_INFO = NO;
				SDKROOT = iphoneos;
				SWIFT_OPTIMIZATION_LEVEL = "-Owholemodule";
				VALIDATE_PRODUCT = YES;
			};
			name = Release;
		};
		94D5F6A91F44681D00EF8804 /* Debug */ = {
			isa = XCBuildConfiguration;
			buildSettings = {
				ASSETCATALOG_COMPILER_APPICON_NAME = AppIcon;
				INFOPLIST_FILE = VBExpand_Tableview/Info.plist;
				IPHONEOS_DEPLOYMENT_TARGET = 10.0;
				LD_RUNPATH_SEARCH_PATHS = "$(inherited) @executable_path/Frameworks";
				PRODUCT_BUNDLE_IDENTIFIER = "com.VBExpand-Tableview";
				PRODUCT_NAME = "$(TARGET_NAME)";
				SWIFT_VERSION = 3.0;
				TARGETED_DEVICE_FAMILY = 1;
			};
			name = Debug;
		};
		94D5F6AA1F44681D00EF8804 /* Release */ = {
			isa = XCBuildConfiguration;
			buildSettings = {
				ASSETCATALOG_COMPILER_APPICON_NAME = AppIcon;
				INFOPLIST_FILE = VBExpand_Tableview/Info.plist;
				IPHONEOS_DEPLOYMENT_TARGET = 10.0;
				LD_RUNPATH_SEARCH_PATHS = "$(inherited) @executable_path/Frameworks";
				PRODUCT_BUNDLE_IDENTIFIER = "com.VBExpand-Tableview";
				PRODUCT_NAME = "$(TARGET_NAME)";
				SWIFT_VERSION = 3.0;
				TARGETED_DEVICE_FAMILY = 1;
			};
			name = Release;
		};
/* End XCBuildConfiguration section */

/* Begin XCConfigurationList section */
		94D5F6911F44681B00EF8804 /* Build configuration list for PBXProject "VBExpand_Tableview" */ = {
			isa = XCConfigurationList;
			buildConfigurations = (
				94D5F6A61F44681D00EF8804 /* Debug */,
				94D5F6A71F44681D00EF8804 /* Release */,
			);
			defaultConfigurationIsVisible = 0;
			defaultConfigurationName = Release;
		};
		94D5F6A81F44681D00EF8804 /* Build configuration list for PBXNativeTarget "VBExpand_Tableview" */ = {
			isa = XCConfigurationList;
			buildConfigurations = (
				94D5F6A91F44681D00EF8804 /* Debug */,
				94D5F6AA1F44681D00EF8804 /* Release */,
			);
			defaultConfigurationIsVisible = 0;
		};
/* End XCConfigurationList section */
	};
	rootObject = 94D5F68E1F44681B00EF8804 /* Project object */;
}
